
Microsoft Visual Studio Solution File, Format Version 12.00
# Visual Studio Version 16
VisualStudioVersion = 16.0.29709.97
MinimumVisualStudioVersion = 10.0.40219.1
Project("{8BC9CEB8-8B4A-11D0-8D11-00A0C91BC942}") = "Palindrome", "Palindrome\Palindrome.vcxproj", "{D06D699F-BACF-4A36-83FA-B4BEFCC347CC}"
EndProject
Global
	GlobalSection(SolutionConfigurationPlatforms) = preSolution
		Debug|x64 = Debug|x64
		Debug|x86 = Debug|x86
		Release|x64 = Release|x64
		Release|x86 = Release|x86
	EndGlobalSection
	GlobalSection(ProjectConfigurationPlatforms) = postSolution
		{D06D699F-BACF-4A36-83FA-B4BEFCC347CC}.Debug|x64.ActiveCfg = Debug|x64
		{D06D699F-BACF-4A36-83FA-B4BEFCC347CC}.Debug|x64.Build.0 = Debug|x64
		{D06D699F-BACF-4A36-83FA-B4BEFCC347CC}.Debug|x86.ActiveCfg = Debug|Win32
		{D06D699F-BACF-4A36-83FA-B4BEFCC347CC}.Debug|x86.Build.0 = Debug|Win32
		{D06D699F-BACF-4A36-83FA-B4BEFCC347CC}.Release|x64.ActiveCfg = Release|x64
		{D06D699F-BACF-4A36-83FA-B4BEFCC347CC}.Release|x64.Build.0 = Release|x64
		{D06D699F-BACF-4A36-83FA-B4BEFCC347CC}.Release|x86.ActiveCfg = Release|Win32
		{D06D699F-BACF-4A36-83FA-B4BEFCC347CC}.Release|x86.Build.0 = Release|Win32
	EndGlobalSection
	GlobalSection(SolutionProperties) = preSolution
		HideSolutionNode = FALSE
	EndGlobalSection
	GlobalSection(ExtensibilityGlobals) = postSolution
		SolutionGuid = {3E81D29C-F9E0-430E-B9EB-CC6C152BA363}
	EndGlobalSection
EndGlobal
