
Microsoft Visual Studio Solution File, Format Version 12.00
# Visual Studio Version 16
VisualStudioVersion = 16.0.29709.97
MinimumVisualStudioVersion = 10.0.40219.1
Project("{8BC9CEB8-8B4A-11D0-8D11-00A0C91BC942}") = "LinkedList-Lab5", "LinkedList-Lab5\LinkedList-Lab5.vcxproj", "{E7355075-70F6-4A26-A009-B81B930E2DF1}"
EndProject
Global
	GlobalSection(SolutionConfigurationPlatforms) = preSolution
		Debug|x64 = Debug|x64
		Debug|x86 = Debug|x86
		Release|x64 = Release|x64
		Release|x86 = Release|x86
	EndGlobalSection
	GlobalSection(ProjectConfigurationPlatforms) = postSolution
		{E7355075-70F6-4A26-A009-B81B930E2DF1}.Debug|x64.ActiveCfg = Debug|x64
		{E7355075-70F6-4A26-A009-B81B930E2DF1}.Debug|x64.Build.0 = Debug|x64
		{E7355075-70F6-4A26-A009-B81B930E2DF1}.Debug|x86.ActiveCfg = Debug|Win32
		{E7355075-70F6-4A26-A009-B81B930E2DF1}.Debug|x86.Build.0 = Debug|Win32
		{E7355075-70F6-4A26-A009-B81B930E2DF1}.Release|x64.ActiveCfg = Release|x64
		{E7355075-70F6-4A26-A009-B81B930E2DF1}.Release|x64.Build.0 = Release|x64
		{E7355075-70F6-4A26-A009-B81B930E2DF1}.Release|x86.ActiveCfg = Release|Win32
		{E7355075-70F6-4A26-A009-B81B930E2DF1}.Release|x86.Build.0 = Release|Win32
	EndGlobalSection
	GlobalSection(SolutionProperties) = preSolution
		HideSolutionNode = FALSE
	EndGlobalSection
	GlobalSection(ExtensibilityGlobals) = postSolution
		SolutionGuid = {60893097-A0FD-4EB0-9022-04ADE27B21A3}
	EndGlobalSection
EndGlobal
