
Microsoft Visual Studio Solution File, Format Version 12.00
# Visual Studio Version 16
VisualStudioVersion = 16.0.29709.97
MinimumVisualStudioVersion = 10.0.40219.1
Project("{8BC9CEB8-8B4A-11D0-8D11-00A0C91BC942}") = "Recursive Search", "Recursive Search\Recursive Search.vcxproj", "{54F59129-843E-41BF-9FD2-E8E64A752184}"
EndProject
Global
	GlobalSection(SolutionConfigurationPlatforms) = preSolution
		Debug|x64 = Debug|x64
		Debug|x86 = Debug|x86
		Release|x64 = Release|x64
		Release|x86 = Release|x86
	EndGlobalSection
	GlobalSection(ProjectConfigurationPlatforms) = postSolution
		{54F59129-843E-41BF-9FD2-E8E64A752184}.Debug|x64.ActiveCfg = Debug|x64
		{54F59129-843E-41BF-9FD2-E8E64A752184}.Debug|x64.Build.0 = Debug|x64
		{54F59129-843E-41BF-9FD2-E8E64A752184}.Debug|x86.ActiveCfg = Debug|Win32
		{54F59129-843E-41BF-9FD2-E8E64A752184}.Debug|x86.Build.0 = Debug|Win32
		{54F59129-843E-41BF-9FD2-E8E64A752184}.Release|x64.ActiveCfg = Release|x64
		{54F59129-843E-41BF-9FD2-E8E64A752184}.Release|x64.Build.0 = Release|x64
		{54F59129-843E-41BF-9FD2-E8E64A752184}.Release|x86.ActiveCfg = Release|Win32
		{54F59129-843E-41BF-9FD2-E8E64A752184}.Release|x86.Build.0 = Release|Win32
	EndGlobalSection
	GlobalSection(SolutionProperties) = preSolution
		HideSolutionNode = FALSE
	EndGlobalSection
	GlobalSection(ExtensibilityGlobals) = postSolution
		SolutionGuid = {C4EF264D-97DA-487E-9072-0C3AA76B9027}
	EndGlobalSection
EndGlobal
